
Microsoft Visual Studio Solution File, Format Version 12.00
# Visual Studio Version 16
VisualStudioVersion = 16.0.29306.81
MinimumVisualStudioVersion = 10.0.40219.1
Project("{FAE04EC0-301F-11D3-BF4B-00C04F79EFBC}") = "Testing", "Testing\Testing.csproj", "{9CC16F1D-79F8-4713-AF41-1EAC582AF83D}"
EndProject
Global
	GlobalSection(SolutionConfigurationPlatforms) = preSolution
		Debug|Any CPU = Debug|Any CPU
		Release|Any CPU = Release|Any CPU
	EndGlobalSection
	GlobalSection(ProjectConfigurationPlatforms) = postSolution
		{9CC16F1D-79F8-4713-AF41-1EAC582AF83D}.Debug|Any CPU.ActiveCfg = Debug|Any CPU
		{9CC16F1D-79F8-4713-AF41-1EAC582AF83D}.Debug|Any CPU.Build.0 = Debug|Any CPU
		{9CC16F1D-79F8-4713-AF41-1EAC582AF83D}.Release|Any CPU.ActiveCfg = Release|Any CPU
		{9CC16F1D-79F8-4713-AF41-1EAC582AF83D}.Release|Any CPU.Build.0 = Release|Any CPU
	EndGlobalSection
	GlobalSection(SolutionProperties) = preSolution
		HideSolutionNode = FALSE
	EndGlobalSection
	GlobalSection(ExtensibilityGlobals) = postSolution
		SolutionGuid = {83C6C511-7E08-42B4-939D-65107C28E196}
	EndGlobalSection
EndGlobal
